
Microsoft Visual Studio Solution File, Format Version 12.00
# Visual Studio Version 17
VisualStudioVersion = 17.11.35208.52
MinimumVisualStudioVersion = 10.0.40219.1
Project("{FAE04EC0-301F-11D3-BF4B-00C04F79EFBC}") = "Hello World1", "Hello World1\Hello World1.csproj", "{6907BE75-224D-41DF-B84E-E6ECEC17D6BB}"
EndProject
Global
	GlobalSection(SolutionConfigurationPlatforms) = preSolution
		Debug|Any CPU = Debug|Any CPU
		Release|Any CPU = Release|Any CPU
	EndGlobalSection
	GlobalSection(ProjectConfigurationPlatforms) = postSolution
		{6907BE75-224D-41DF-B84E-E6ECEC17D6BB}.Debug|Any CPU.ActiveCfg = Debug|Any CPU
		{6907BE75-224D-41DF-B84E-E6ECEC17D6BB}.Debug|Any CPU.Build.0 = Debug|Any CPU
		{6907BE75-224D-41DF-B84E-E6ECEC17D6BB}.Release|Any CPU.ActiveCfg = Release|Any CPU
		{6907BE75-224D-41DF-B84E-E6ECEC17D6BB}.Release|Any CPU.Build.0 = Release|Any CPU
	EndGlobalSection
	GlobalSection(SolutionProperties) = preSolution
		HideSolutionNode = FALSE
	EndGlobalSection
	GlobalSection(ExtensibilityGlobals) = postSolution
		SolutionGuid = {6E98543A-A598-4B06-AF7E-0091F2BFC842}
	EndGlobalSection
EndGlobal
