
Microsoft Visual Studio Solution File, Format Version 12.00
# Visual Studio Version 17
VisualStudioVersion = 17.11.35208.52
MinimumVisualStudioVersion = 10.0.40219.1
Project("{FAE04EC0-301F-11D3-BF4B-00C04F79EFBC}") = "B2", "B2.csproj", "{AEBC5A35-A710-4C0F-9D63-DD993BCBC905}"
EndProject
Global
	GlobalSection(SolutionConfigurationPlatforms) = preSolution
		Debug|Any CPU = Debug|Any CPU
		Release|Any CPU = Release|Any CPU
	EndGlobalSection
	GlobalSection(ProjectConfigurationPlatforms) = postSolution
		{AEBC5A35-A710-4C0F-9D63-DD993BCBC905}.Debug|Any CPU.ActiveCfg = Debug|Any CPU
		{AEBC5A35-A710-4C0F-9D63-DD993BCBC905}.Debug|Any CPU.Build.0 = Debug|Any CPU
		{AEBC5A35-A710-4C0F-9D63-DD993BCBC905}.Release|Any CPU.ActiveCfg = Release|Any CPU
		{AEBC5A35-A710-4C0F-9D63-DD993BCBC905}.Release|Any CPU.Build.0 = Release|Any CPU
	EndGlobalSection
	GlobalSection(SolutionProperties) = preSolution
		HideSolutionNode = FALSE
	EndGlobalSection
	GlobalSection(ExtensibilityGlobals) = postSolution
		SolutionGuid = {0CCB6199-F4DC-4700-A19E-646A466264A6}
	EndGlobalSection
EndGlobal
